
Microsoft Visual Studio Solution File, Format Version 12.00
# Visual Studio Version 16
VisualStudioVersion = 16.0.30104.148
MinimumVisualStudioVersion = 10.0.40219.1
Project("{FAE04EC0-301F-11D3-BF4B-00C04F79EFBC}") = "SuperRabbitMQ", "SuperRabbitMQ\SuperRabbitMQ.csproj", "{7969E9A2-9514-4DD6-B552-3A3E82E0E96D}"
EndProject
Global
	GlobalSection(SolutionConfigurationPlatforms) = preSolution
		Debug|Any CPU = Debug|Any CPU
		Release|Any CPU = Release|Any CPU
	EndGlobalSection
	GlobalSection(ProjectConfigurationPlatforms) = postSolution
		{7969E9A2-9514-4DD6-B552-3A3E82E0E96D}.Debug|Any CPU.ActiveCfg = Debug|Any CPU
		{7969E9A2-9514-4DD6-B552-3A3E82E0E96D}.Debug|Any CPU.Build.0 = Debug|Any CPU
		{7969E9A2-9514-4DD6-B552-3A3E82E0E96D}.Release|Any CPU.ActiveCfg = Release|Any CPU
		{7969E9A2-9514-4DD6-B552-3A3E82E0E96D}.Release|Any CPU.Build.0 = Release|Any CPU
	EndGlobalSection
	GlobalSection(SolutionProperties) = preSolution
		HideSolutionNode = FALSE
	EndGlobalSection
	GlobalSection(ExtensibilityGlobals) = postSolution
		SolutionGuid = {31E2AFB4-CC14-45E9-8939-1A6EA0DFAFE4}
	EndGlobalSection
EndGlobal
